
Microsoft Visual Studio Solution File, Format Version 12.00
# Visual Studio Version 16
VisualStudioVersion = 16.0.31129.286
MinimumVisualStudioVersion = 10.0.40219.1
Project("{F184B08F-C81C-45F6-A57F-5ABD9991F28F}") = "Week7", "Week7.vbproj", "{3D2A2D63-EDC9-48E2-AAE9-CEA145B8CC22}"
EndProject
Global
	GlobalSection(SolutionConfigurationPlatforms) = preSolution
		Debug|Any CPU = Debug|Any CPU
		Release|Any CPU = Release|Any CPU
	EndGlobalSection
	GlobalSection(ProjectConfigurationPlatforms) = postSolution
		{3D2A2D63-EDC9-48E2-AAE9-CEA145B8CC22}.Debug|Any CPU.ActiveCfg = Debug|Any CPU
		{3D2A2D63-EDC9-48E2-AAE9-CEA145B8CC22}.Debug|Any CPU.Build.0 = Debug|Any CPU
		{3D2A2D63-EDC9-48E2-AAE9-CEA145B8CC22}.Release|Any CPU.ActiveCfg = Release|Any CPU
		{3D2A2D63-EDC9-48E2-AAE9-CEA145B8CC22}.Release|Any CPU.Build.0 = Release|Any CPU
	EndGlobalSection
	GlobalSection(SolutionProperties) = preSolution
		HideSolutionNode = FALSE
	EndGlobalSection
	GlobalSection(ExtensibilityGlobals) = postSolution
		SolutionGuid = {52FED6ED-4B13-4E03-A47F-44CC1320F35F}
	EndGlobalSection
EndGlobal
