
Microsoft Visual Studio Solution File, Format Version 12.00
# Visual Studio Version 16
VisualStudioVersion = 16.0.31112.23
MinimumVisualStudioVersion = 10.0.40219.1
Project("{F184B08F-C81C-45F6-A57F-5ABD9991F28F}") = "CollatzConjecture", "CollatzConjecture.vbproj", "{C510C18E-975F-4CDA-A841-A7604511470D}"
EndProject
Global
	GlobalSection(SolutionConfigurationPlatforms) = preSolution
		Debug|Any CPU = Debug|Any CPU
		Release|Any CPU = Release|Any CPU
	EndGlobalSection
	GlobalSection(ProjectConfigurationPlatforms) = postSolution
		{C510C18E-975F-4CDA-A841-A7604511470D}.Debug|Any CPU.ActiveCfg = Debug|Any CPU
		{C510C18E-975F-4CDA-A841-A7604511470D}.Debug|Any CPU.Build.0 = Debug|Any CPU
		{C510C18E-975F-4CDA-A841-A7604511470D}.Release|Any CPU.ActiveCfg = Release|Any CPU
		{C510C18E-975F-4CDA-A841-A7604511470D}.Release|Any CPU.Build.0 = Release|Any CPU
	EndGlobalSection
	GlobalSection(SolutionProperties) = preSolution
		HideSolutionNode = FALSE
	EndGlobalSection
	GlobalSection(ExtensibilityGlobals) = postSolution
		SolutionGuid = {FC520DB5-8763-4054-8D76-F822FCD70CC7}
	EndGlobalSection
EndGlobal
